{
  "lockfileVersion": 1,
  "configVersion": 1,
  "workspaces": {
    "": {
      "name": "shell",
      "devDependencies": {
        "fe(@acme/mfe-b)": "file:../mfe-b",
      },
    },
  },
  "packages": {
    "fe(@acme/mfe-b)": ["fe(@acme/mfe-b)@file:../mfe-b", { "devDependencies": { "fe(@acme/mfe-a)": "file:../mfe-a" } }],

    "fe(@acme/mfe-b)/fe(@acme/mfe-a)": ["fe(@acme/mfe-a)@file:../mfe-a", {}],
  }
}
